
Microsoft Visual Studio Solution File, Format Version 12.00
# Visual Studio Version 17
VisualStudioVersion = 17.6.33829.357
MinimumVisualStudioVersion = 10.0.40219.1
Project("{FAE04EC0-301F-11D3-BF4B-00C04F79EFBC}") = "FYP", "FYP\FYP.csproj", "{821CA3CD-6AB6-47E3-BAF6-003F8EADF7AA}"
EndProject
Global
	GlobalSection(SolutionConfigurationPlatforms) = preSolution
		Debug|Any CPU = Debug|Any CPU
		Release|Any CPU = Release|Any CPU
	EndGlobalSection
	GlobalSection(ProjectConfigurationPlatforms) = postSolution
		{821CA3CD-6AB6-47E3-BAF6-003F8EADF7AA}.Debug|Any CPU.ActiveCfg = Debug|Any CPU
		{821CA3CD-6AB6-47E3-BAF6-003F8EADF7AA}.Debug|Any CPU.Build.0 = Debug|Any CPU
		{821CA3CD-6AB6-47E3-BAF6-003F8EADF7AA}.Release|Any CPU.ActiveCfg = Release|Any CPU
		{821CA3CD-6AB6-47E3-BAF6-003F8EADF7AA}.Release|Any CPU.Build.0 = Release|Any CPU
	EndGlobalSection
	GlobalSection(SolutionProperties) = preSolution
		HideSolutionNode = FALSE
	EndGlobalSection
	GlobalSection(ExtensibilityGlobals) = postSolution
		SolutionGuid = {247049EF-BF3D-4F71-8A24-C21DE8728DB0}
	EndGlobalSection
EndGlobal
